// !$*UTF8*$!
{
	archiveVersion = 1;
	classes = {
	};
	objectVersion = 56;
	objects = {

/* Begin PBXBuildFile section */
		6AE8B2DB2B67DF76008B4389 /* AppDelegate.swift in Sources */ = {isa = PBXBuildFile; fileRef = 6AE8B2DA2B67DF76008B4389 /* AppDelegate.swift */; };
		6AE8B2DD2B67DF76008B4389 /* SceneDelegate.swift in Sources */ = {isa = PBXBuildFile; fileRef = 6AE8B2DC2B67DF76008B4389 /* SceneDelegate.swift */; };
		6AE8B2DF2B67DF76008B4389 /* ViewController.swift in Sources */ = {isa = PBXBuildFile; fileRef = 6AE8B2DE2B67DF76008B4389 /* ViewController.swift */; };
		6AE8B2E22B67DF76008B4389 /* Main.storyboard in Resources */ = {isa = PBXBuildFile; fileRef = 6AE8B2E02B67DF76008B4389 /* Main.storyboard */; };
		6AE8B2E42B67DF78008B4389 /* Assets.xcassets in Resources */ = {isa = PBXBuildFile; fileRef = 6AE8B2E32B67DF78008B4389 /* Assets.xcassets */; };
		6AE8B2E72B67DF78008B4389 /* LaunchScreen.storyboard in Resources */ = {isa = PBXBuildFile; fileRef = 6AE8B2E52B67DF78008B4389 /* LaunchScreen.storyboard */; };
		6AE8B2F22B67DF79008B4389 /* Counter_SecondTests.swift in Sources */ = {isa = PBXBuildFile; fileRef = 6AE8B2F12B67DF79008B4389 /* Counter_SecondTests.swift */; };
		6AE8B2FC2B67DF79008B4389 /* Counter_SecondUITests.swift in Sources */ = {isa = PBXBuildFile; fileRef = 6AE8B2FB2B67DF79008B4389 /* Counter_SecondUITests.swift */; };
		6AE8B2FE2B67DF79008B4389 /* Counter_SecondUITestsLaunchTests.swift in Sources */ = {isa = PBXBuildFile; fileRef = 6AE8B2FD2B67DF79008B4389 /* Counter_SecondUITestsLaunchTests.swift */; };
/* End PBXBuildFile section */

/* Begin PBXContainerItemProxy section */
		6AE8B2EE2B67DF79008B4389 /* PBXContainerItemProxy */ = {
			isa = PBXContainerItemProxy;
			containerPortal = 6AE8B2CF2B67DF76008B4389 /* Project object */;
			proxyType = 1;
			remoteGlobalIDString = 6AE8B2D62B67DF76008B4389;
			remoteInfo = "Counter Second";
		};
		6AE8B2F82B67DF79008B4389 /* PBXContainerItemProxy */ = {
			isa = PBXContainerItemProxy;
			containerPortal = 6AE8B2CF2B67DF76008B4389 /* Project object */;
			proxyType = 1;
			remoteGlobalIDString = 6AE8B2D62B67DF76008B4389;
			remoteInfo = "Counter Second";
		};
/* End PBXContainerItemProxy section */

/* Begin PBXFileReference section */
		6AE8B2D72B67DF76008B4389 /* Counter Second.app */ = {isa = PBXFileReference; explicitFileType = wrapper.application; includeInIndex = 0; path = "Counter Second.app"; sourceTree = BUILT_PRODUCTS_DIR; };
		6AE8B2DA2B67DF76008B4389 /* AppDelegate.swift */ = {isa = PBXFileReference; lastKnownFileType = sourcecode.swift; path = AppDelegate.swift; sourceTree = "<group>"; };
		6AE8B2DC2B67DF76008B4389 /* SceneDelegate.swift */ = {isa = PBXFileReference; lastKnownFileType = sourcecode.swift; path = SceneDelegate.swift; sourceTree = "<group>"; };
		6AE8B2DE2B67DF76008B4389 /* ViewController.swift */ = {isa = PBXFileReference; lastKnownFileType = sourcecode.swift; path = ViewController.swift; sourceTree = "<group>"; };
		6AE8B2E12B67DF76008B4389 /* Base */ = {isa = PBXFileReference; lastKnownFileType = file.storyboard; name = Base; path = Base.lproj/Main.storyboard; sourceTree = "<group>"; };
		6AE8B2E32B67DF78008B4389 /* Assets.xcassets */ = {isa = PBXFileReference; lastKnownFileType = folder.assetcatalog; path = Assets.xcassets; sourceTree = "<group>"; };
		6AE8B2E62B67DF78008B4389 /* Base */ = {isa = PBXFileReference; lastKnownFileType = file.storyboard; name = Base; path = Base.lproj/LaunchScreen.storyboard; sourceTree = "<group>"; };
		6AE8B2E82B67DF78008B4389 /* Info.plist */ = {isa = PBXFileReference; lastKnownFileType = text.plist.xml; path = Info.plist; sourceTree = "<group>"; };
		6AE8B2ED2B67DF79008B4389 /* Counter SecondTests.xctest */ = {isa = PBXFileReference; explicitFileType = wrapper.cfbundle; includeInIndex = 0; path = "Counter SecondTests.xctest"; sourceTree = BUILT_PRODUCTS_DIR; };
		6AE8B2F12B67DF79008B4389 /* Counter_SecondTests.swift */ = {isa = PBXFileReference; lastKnownFileType = sourcecode.swift; path = Counter_SecondTests.swift; sourceTree = "<group>"; };
		6AE8B2F72B67DF79008B4389 /* Counter SecondUITests.xctest */ = {isa = PBXFileReference; explicitFileType = wrapper.cfbundle; includeInIndex = 0; path = "Counter SecondUITests.xctest"; sourceTree = BUILT_PRODUCTS_DIR; };
		6AE8B2FB2B67DF79008B4389 /* Counter_SecondUITests.swift */ = {isa = PBXFileReference; lastKnownFileType = sourcecode.swift; path = Counter_SecondUITests.swift; sourceTree = "<group>"; };
		6AE8B2FD2B67DF79008B4389 /* Counter_SecondUITestsLaunchTests.swift */ = {isa = PBXFileReference; lastKnownFileType = sourcecode.swift; path = Counter_SecondUITestsLaunchTests.swift; sourceTree = "<group>"; };
/* End PBXFileReference section */

/* Begin PBXFrameworksBuildPhase section */
		6AE8B2D42B67DF76008B4389 /* Frameworks */ = {
			isa = PBXFrameworksBuildPhase;
			buildActionMask = 2147483647;
			files = (
			);
			runOnlyForDeploymentPostprocessing = 0;
		};
		6AE8B2EA2B67DF79008B4389 /* Frameworks */ = {
			isa = PBXFrameworksBuildPhase;
			buildActionMask = 2147483647;
			files = (
			);
			runOnlyForDeploymentPostprocessing = 0;
		};
		6AE8B2F42B67DF79008B4389 /* Frameworks */ = {
			isa = PBXFrameworksBuildPhase;
			buildActionMask = 2147483647;
			files = (
			);
			runOnlyForDeploymentPostprocessing = 0;
		};
/* End PBXFrameworksBuildPhase section */

/* Begin PBXGroup section */
		6AE8B2CE2B67DF76008B4389 = {
			isa = PBXGroup;
			children = (
				6AE8B2D92B67DF76008B4389 /* Counter Second */,
				6AE8B2F02B67DF79008B4389 /* Counter SecondTests */,
				6AE8B2FA2B67DF79008B4389 /* Counter SecondUITests */,
				6AE8B2D82B67DF76008B4389 /* Products */,
			);
			sourceTree = "<group>";
		};
		6AE8B2D82B67DF76008B4389 /* Products */ = {
			isa = PBXGroup;
			children = (
				6AE8B2D72B67DF76008B4389 /* Counter Second.app */,
				6AE8B2ED2B67DF79008B4389 /* Counter SecondTests.xctest */,
				6AE8B2F72B67DF79008B4389 /* Counter SecondUITests.xctest */,
			);
			name = Products;
			sourceTree = "<group>";
		};
		6AE8B2D92B67DF76008B4389 /* Counter Second */ = {
			isa = PBXGroup;
			children = (
				6AE8B2DA2B67DF76008B4389 /* AppDelegate.swift */,
				6AE8B2DC2B67DF76008B4389 /* SceneDelegate.swift */,
				6AE8B2DE2B67DF76008B4389 /* ViewController.swift */,
				6AE8B2E02B67DF76008B4389 /* Main.storyboard */,
				6AE8B2E32B67DF78008B4389 /* Assets.xcassets */,
				6AE8B2E52B67DF78008B4389 /* LaunchScreen.storyboard */,
				6AE8B2E82B67DF78008B4389 /* Info.plist */,
			);
			path = "Counter Second";
			sourceTree = "<group>";
		};
		6AE8B2F02B67DF79008B4389 /* Counter SecondTests */ = {
			isa = PBXGroup;
			children = (
				6AE8B2F12B67DF79008B4389 /* Counter_SecondTests.swift */,
			);
			path = "Counter SecondTests";
			sourceTree = "<group>";
		};
		6AE8B2FA2B67DF79008B4389 /* Counter SecondUITests */ = {
			isa = PBXGroup;
			children = (
				6AE8B2FB2B67DF79008B4389 /* Counter_SecondUITests.swift */,
				6AE8B2FD2B67DF79008B4389 /* Counter_SecondUITestsLaunchTests.swift */,
			);
			path = "Counter SecondUITests";
			sourceTree = "<group>";
		};
/* End PBXGroup section */

/* Begin PBXNativeTarget section */
		6AE8B2D62B67DF76008B4389 /* Counter Second */ = {
			isa = PBXNativeTarget;
			buildConfigurationList = 6AE8B3012B67DF79008B4389 /* Build configuration list for PBXNativeTarget "Counter Second" */;
			buildPhases = (
				6AE8B2D32B67DF76008B4389 /* Sources */,
				6AE8B2D42B67DF76008B4389 /* Frameworks */,
				6AE8B2D52B67DF76008B4389 /* Resources */,
			);
			buildRules = (
			);
			dependencies = (
			);
			name = "Counter Second";
			productName = "Counter Second";
			productReference = 6AE8B2D72B67DF76008B4389 /* Counter Second.app */;
			productType = "com.apple.product-type.application";
		};
		6AE8B2EC2B67DF79008B4389 /* Counter SecondTests */ = {
			isa = PBXNativeTarget;
			buildConfigurationList = 6AE8B3042B67DF79008B4389 /* Build configuration list for PBXNativeTarget "Counter SecondTests" */;
			buildPhases = (
				6AE8B2E92B67DF79008B4389 /* Sources */,
				6AE8B2EA2B67DF79008B4389 /* Frameworks */,
				6AE8B2EB2B67DF79008B4389 /* Resources */,
			);
			buildRules = (
			);
			dependencies = (
				6AE8B2EF2B67DF79008B4389 /* PBXTargetDependency */,
			);
			name = "Counter SecondTests";
			productName = "Counter SecondTests";
			productReference = 6AE8B2ED2B67DF79008B4389 /* Counter SecondTests.xctest */;
			productType = "com.apple.product-type.bundle.unit-test";
		};
		6AE8B2F62B67DF79008B4389 /* Counter SecondUITests */ = {
			isa = PBXNativeTarget;
			buildConfigurationList = 6AE8B3072B67DF79008B4389 /* Build configuration list for PBXNativeTarget "Counter SecondUITests" */;
			buildPhases = (
				6AE8B2F32B67DF79008B4389 /* Sources */,
				6AE8B2F42B67DF79008B4389 /* Frameworks */,
				6AE8B2F52B67DF79008B4389 /* Resources */,
			);
			buildRules = (
			);
			dependencies = (
				6AE8B2F92B67DF79008B4389 /* PBXTargetDependency */,
			);
			name = "Counter SecondUITests";
			productName = "Counter SecondUITests";
			productReference = 6AE8B2F72B67DF79008B4389 /* Counter SecondUITests.xctest */;
			productType = "com.apple.product-type.bundle.ui-testing";
		};
/* End PBXNativeTarget section */

/* Begin PBXProject section */
		6AE8B2CF2B67DF76008B4389 /* Project object */ = {
			isa = PBXProject;
			attributes = {
				BuildIndependentTargetsInParallel = 1;
				LastSwiftUpdateCheck = 1520;
				LastUpgradeCheck = 1520;
				TargetAttributes = {
					6AE8B2D62B67DF76008B4389 = {
						CreatedOnToolsVersion = 15.2;
					};
					6AE8B2EC2B67DF79008B4389 = {
						CreatedOnToolsVersion = 15.2;
						TestTargetID = 6AE8B2D62B67DF76008B4389;
					};
					6AE8B2F62B67DF79008B4389 = {
						CreatedOnToolsVersion = 15.2;
						TestTargetID = 6AE8B2D62B67DF76008B4389;
					};
				};
			};
			buildConfigurationList = 6AE8B2D22B67DF76008B4389 /* Build configuration list for PBXProject "Counter Second" */;
			compatibilityVersion = "Xcode 14.0";
			developmentRegion = en;
			hasScannedForEncodings = 0;
			knownRegions = (
				en,
				Base,
			);
			mainGroup = 6AE8B2CE2B67DF76008B4389;
			productRefGroup = 6AE8B2D82B67DF76008B4389 /* Products */;
			projectDirPath = "";
			projectRoot = "";
			targets = (
				6AE8B2D62B67DF76008B4389 /* Counter Second */,
				6AE8B2EC2B67DF79008B4389 /* Counter SecondTests */,
				6AE8B2F62B67DF79008B4389 /* Counter SecondUITests */,
			);
		};
/* End PBXProject section */

/* Begin PBXResourcesBuildPhase section */
		6AE8B2D52B67DF76008B4389 /* Resources */ = {
			isa = PBXResourcesBuildPhase;
			buildActionMask = 2147483647;
			files = (
				6AE8B2E72B67DF78008B4389 /* LaunchScreen.storyboard in Resources */,
				6AE8B2E42B67DF78008B4389 /* Assets.xcassets in Resources */,
				6AE8B2E22B67DF76008B4389 /* Main.storyboard in Resources */,
			);
			runOnlyForDeploymentPostprocessing = 0;
		};
		6AE8B2EB2B67DF79008B4389 /* Resources */ = {
			isa = PBXResourcesBuildPhase;
			buildActionMask = 2147483647;
			files = (
			);
			runOnlyForDeploymentPostprocessing = 0;
		};
		6AE8B2F52B67DF79008B4389 /* Resources */ = {
			isa = PBXResourcesBuildPhase;
			buildActionMask = 2147483647;
			files = (
			);
			runOnlyForDeploymentPostprocessing = 0;
		};
/* End PBXResourcesBuildPhase section */

/* Begin PBXSourcesBuildPhase section */
		6AE8B2D32B67DF76008B4389 /* Sources */ = {
			isa = PBXSourcesBuildPhase;
			buildActionMask = 2147483647;
			files = (
				6AE8B2DF2B67DF76008B4389 /* ViewController.swift in Sources */,
				6AE8B2DB2B67DF76008B4389 /* AppDelegate.swift in Sources */,
				6AE8B2DD2B67DF76008B4389 /* SceneDelegate.swift in Sources */,
			);
			runOnlyForDeploymentPostprocessing = 0;
		};
		6AE8B2E92B67DF79008B4389 /* Sources */ = {
			isa = PBXSourcesBuildPhase;
			buildActionMask = 2147483647;
			files = (
				6AE8B2F22B67DF79008B4389 /* Counter_SecondTests.swift in Sources */,
			);
			runOnlyForDeploymentPostprocessing = 0;
		};
		6AE8B2F32B67DF79008B4389 /* Sources */ = {
			isa = PBXSourcesBuildPhase;
			buildActionMask = 2147483647;
			files = (
				6AE8B2FC2B67DF79008B4389 /* Counter_SecondUITests.swift in Sources */,
				6AE8B2FE2B67DF79008B4389 /* Counter_SecondUITestsLaunchTests.swift in Sources */,
			);
			runOnlyForDeploymentPostprocessing = 0;
		};
/* End PBXSourcesBuildPhase section */

/* Begin PBXTargetDependency section */
		6AE8B2EF2B67DF79008B4389 /* PBXTargetDependency */ = {
			isa = PBXTargetDependency;
			target = 6AE8B2D62B67DF76008B4389 /* Counter Second */;
			targetProxy = 6AE8B2EE2B67DF79008B4389 /* PBXContainerItemProxy */;
		};
		6AE8B2F92B67DF79008B4389 /* PBXTargetDependency */ = {
			isa = PBXTargetDependency;
			target = 6AE8B2D62B67DF76008B4389 /* Counter Second */;
			targetProxy = 6AE8B2F82B67DF79008B4389 /* PBXContainerItemProxy */;
		};
/* End PBXTargetDependency section */

/* Begin PBXVariantGroup section */
		6AE8B2E02B67DF76008B4389 /* Main.storyboard */ = {
			isa = PBXVariantGroup;
			children = (
				6AE8B2E12B67DF76008B4389 /* Base */,
			);
			name = Main.storyboard;
			sourceTree = "<group>";
		};
		6AE8B2E52B67DF78008B4389 /* LaunchScreen.storyboard */ = {
			isa = PBXVariantGroup;
			children = (
				6AE8B2E62B67DF78008B4389 /* Base */,
			);
			name = LaunchScreen.storyboard;
			sourceTree = "<group>";
		};
/* End PBXVariantGroup section */

/* Begin XCBuildConfiguration section */
		6AE8B2FF2B67DF79008B4389 /* Debug */ = {
			isa = XCBuildConfiguration;
			buildSettings = {
				ALWAYS_SEARCH_USER_PATHS = NO;
				ASSETCATALOG_COMPILER_GENERATE_SWIFT_ASSET_SYMBOL_EXTENSIONS = YES;
				CLANG_ANALYZER_NONNULL = YES;
				CLANG_ANALYZER_NUMBER_OBJECT_CONVERSION = YES_AGGRESSIVE;
				CLANG_CXX_LANGUAGE_STANDARD = "gnu++20";
				CLANG_ENABLE_MODULES = YES;
				CLANG_ENABLE_OBJC_ARC = YES;
				CLANG_ENABLE_OBJC_WEAK = YES;
				CLANG_WARN_BLOCK_CAPTURE_AUTORELEASING = YES;
				CLANG_WARN_BOOL_CONVERSION = YES;
				CLANG_WARN_COMMA = YES;
				CLANG_WARN_CONSTANT_CONVERSION = YES;
				CLANG_WARN_DEPRECATED_OBJC_IMPLEMENTATIONS = YES;
				CLANG_WARN_DIRECT_OBJC_ISA_USAGE = YES_ERROR;
				CLANG_WARN_DOCUMENTATION_COMMENTS = YES;
				CLANG_WARN_EMPTY_BODY = YES;
				CLANG_WARN_ENUM_CONVERSION = YES;
				CLANG_WARN_INFINITE_RECURSION = YES;
				CLANG_WARN_INT_CONVERSION = YES;
				CLANG_WARN_NON_LITERAL_NULL_CONVERSION = YES;
				CLANG_WARN_OBJC_IMPLICIT_RETAIN_SELF = YES;
				CLANG_WARN_OBJC_LITERAL_CONVERSION = YES;
				CLANG_WARN_OBJC_ROOT_CLASS = YES_ERROR;
				CLANG_WARN_QUOTED_INCLUDE_IN_FRAMEWORK_HEADER = YES;
				CLANG_WARN_RANGE_LOOP_ANALYSIS = YES;
				CLANG_WARN_STRICT_PROTOTYPES = YES;
				CLANG_WARN_SUSPICIOUS_MOVE = YES;
				CLANG_WARN_UNGUARDED_AVAILABILITY = YES_AGGRESSIVE;
				CLANG_WARN_UNREACHABLE_CODE = YES;
				CLANG_WARN__DUPLICATE_METHOD_MATCH = YES;
				COPY_PHASE_STRIP = NO;
				DEBUG_INFORMATION_FORMAT = dwarf;
				ENABLE_STRICT_OBJC_MSGSEND = YES;
				ENABLE_TESTABILITY = YES;
				ENABLE_USER_SCRIPT_SANDBOXING = YES;
				GCC_C_LANGUAGE_STANDARD = gnu17;
				GCC_DYNAMIC_NO_PIC = NO;
				GCC_NO_COMMON_BLOCKS = YES;
				GCC_OPTIMIZATION_LEVEL = 0;
				GCC_PREPROCESSOR_DEFINITIONS = (
					"DEBUG=1",
					"$(inherited)",
				);
				GCC_WARN_64_TO_32_BIT_CONVERSION = YES;
				GCC_WARN_ABOUT_RETURN_TYPE = YES_ERROR;
				GCC_WARN_UNDECLARED_SELECTOR = YES;
				GCC_WARN_UNINITIALIZED_AUTOS = YES_AGGRESSIVE;
				GCC_WARN_UNUSED_FUNCTION = YES;
				GCC_WARN_UNUSED_VARIABLE = YES;
				IPHONEOS_DEPLOYMENT_TARGET = 17.2;
				LOCALIZATION_PREFERS_STRING_CATALOGS = YES;
				MTL_ENABLE_DEBUG_INFO = INCLUDE_SOURCE;
				MTL_FAST_MATH = YES;
				ONLY_ACTIVE_ARCH = YES;
				SDKROOT = iphoneos;
				SWIFT_ACTIVE_COMPILATION_CONDITIONS = "DEBUG $(inherited)";
				SWIFT_OPTIMIZATION_LEVEL = "-Onone";
			};
			name = Debug;
		};
		6AE8B3002B67DF79008B4389 /* Release */ = {
			isa = XCBuildConfiguration;
			buildSettings = {
				ALWAYS_SEARCH_USER_PATHS = NO;
				ASSETCATALOG_COMPILER_GENERATE_SWIFT_ASSET_SYMBOL_EXTENSIONS = YES;
				CLANG_ANALYZER_NONNULL = YES;
				CLANG_ANALYZER_NUMBER_OBJECT_CONVERSION = YES_AGGRESSIVE;
				CLANG_CXX_LANGUAGE_STANDARD = "gnu++20";
				CLANG_ENABLE_MODULES = YES;
				CLANG_ENABLE_OBJC_ARC = YES;
				CLANG_ENABLE_OBJC_WEAK = YES;
				CLANG_WARN_BLOCK_CAPTURE_AUTORELEASING = YES;
				CLANG_WARN_BOOL_CONVERSION = YES;
				CLANG_WARN_COMMA = YES;
				CLANG_WARN_CONSTANT_CONVERSION = YES;
				CLANG_WARN_DEPRECATED_OBJC_IMPLEMENTATIONS = YES;
				CLANG_WARN_DIRECT_OBJC_ISA_USAGE = YES_ERROR;
				CLANG_WARN_DOCUMENTATION_COMMENTS = YES;
				CLANG_WARN_EMPTY_BODY = YES;
				CLANG_WARN_ENUM_CONVERSION = YES;
				CLANG_WARN_INFINITE_RECURSION = YES;
				CLANG_WARN_INT_CONVERSION = YES;
				CLANG_WARN_NON_LITERAL_NULL_CONVERSION = YES;
				CLANG_WARN_OBJC_IMPLICIT_RETAIN_SELF = YES;
				CLANG_WARN_OBJC_LITERAL_CONVERSION = YES;
				CLANG_WARN_OBJC_ROOT_CLASS = YES_ERROR;
				CLANG_WARN_QUOTED_INCLUDE_IN_FRAMEWORK_HEADER = YES;
				CLANG_WARN_RANGE_LOOP_ANALYSIS = YES;
				CLANG_WARN_STRICT_PROTOTYPES = YES;
				CLANG_WARN_SUSPICIOUS_MOVE = YES;
				CLANG_WARN_UNGUARDED_AVAILABILITY = YES_AGGRESSIVE;
				CLANG_WARN_UNREACHABLE_CODE = YES;
				CLANG_WARN__DUPLICATE_METHOD_MATCH = YES;
				COPY_PHASE_STRIP = NO;
				DEBUG_INFORMATION_FORMAT = "dwarf-with-dsym";
				ENABLE_NS_ASSERTIONS = NO;
				ENABLE_STRICT_OBJC_MSGSEND = YES;
				ENABLE_USER_SCRIPT_SANDBOXING = YES;
				GCC_C_LANGUAGE_STANDARD = gnu17;
				GCC_NO_COMMON_BLOCKS = YES;
				GCC_WARN_64_TO_32_BIT_CONVERSION = YES;
				GCC_WARN_ABOUT_RETURN_TYPE = YES_ERROR;
				GCC_WARN_UNDECLARED_SELECTOR = YES;
				GCC_WARN_UNINITIALIZED_AUTOS = YES_AGGRESSIVE;
				GCC_WARN_UNUSED_FUNCTION = YES;
				GCC_WARN_UNUSED_VARIABLE = YES;
				IPHONEOS_DEPLOYMENT_TARGET = 17.2;
				LOCALIZATION_PREFERS_STRING_CATALOGS = YES;
				MTL_ENABLE_DEBUG_INFO = NO;
				MTL_FAST_MATH = YES;
				SDKROOT = iphoneos;
				SWIFT_COMPILATION_MODE = wholemodule;
				VALIDATE_PRODUCT = YES;
			};
			name = Release;
		};
		6AE8B3022B67DF79008B4389 /* Debug */ = {
			isa = XCBuildConfiguration;
			buildSettings = {
				ASSETCATALOG_COMPILER_APPICON_NAME = AppIcon;
				ASSETCATALOG_COMPILER_GLOBAL_ACCENT_COLOR_NAME = AccentColor;
				CODE_SIGN_STYLE = Automatic;
				CURRENT_PROJECT_VERSION = 1;
				DEVELOPMENT_TEAM = 8H8X4VLZ98;
				GENERATE_INFOPLIST_FILE = YES;
				INFOPLIST_FILE = "Counter Second/Info.plist";
				INFOPLIST_KEY_UIApplicationSupportsIndirectInputEvents = YES;
				INFOPLIST_KEY_UILaunchStoryboardName = LaunchScreen;
				INFOPLIST_KEY_UIMainStoryboardFile = Main;
				INFOPLIST_KEY_UISupportedInterfaceOrientations_iPad = "UIInterfaceOrientationPortrait UIInterfaceOrientationPortraitUpsideDown UIInterfaceOrientationLandscapeLeft UIInterfaceOrientationLandscapeRight";
				INFOPLIST_KEY_UISupportedInterfaceOrientations_iPhone = "UIInterfaceOrientationPortrait UIInterfaceOrientationLandscapeLeft UIInterfaceOrientationLandscapeRight";
				LD_RUNPATH_SEARCH_PATHS = (
					"$(inherited)",
					"@executable_path/Frameworks",
				);
				MARKETING_VERSION = 1.0;
				PRODUCT_BUNDLE_IDENTIFIER = "Test.Counter-Second";
				PRODUCT_NAME = "$(TARGET_NAME)";
				SWIFT_EMIT_LOC_STRINGS = YES;
				SWIFT_VERSION = 5.0;
				TARGETED_DEVICE_FAMILY = "1,2";
			};
			name = Debug;
		};
		6AE8B3032B67DF79008B4389 /* Release */ = {
			isa = XCBuildConfiguration;
			buildSettings = {
				ASSETCATALOG_COMPILER_APPICON_NAME = AppIcon;
				ASSETCATALOG_COMPILER_GLOBAL_ACCENT_COLOR_NAME = AccentColor;
				CODE_SIGN_STYLE = Automatic;
				CURRENT_PROJECT_VERSION = 1;
				DEVELOPMENT_TEAM = 8H8X4VLZ98;
				GENERATE_INFOPLIST_FILE = YES;
				INFOPLIST_FILE = "Counter Second/Info.plist";
				INFOPLIST_KEY_UIApplicationSupportsIndirectInputEvents = YES;
				INFOPLIST_KEY_UILaunchStoryboardName = LaunchScreen;
				INFOPLIST_KEY_UIMainStoryboardFile = Main;
				INFOPLIST_KEY_UISupportedInterfaceOrientations_iPad = "UIInterfaceOrientationPortrait UIInterfaceOrientationPortraitUpsideDown UIInterfaceOrientationLandscapeLeft UIInterfaceOrientationLandscapeRight";
				INFOPLIST_KEY_UISupportedInterfaceOrientations_iPhone = "UIInterfaceOrientationPortrait UIInterfaceOrientationLandscapeLeft UIInterfaceOrientationLandscapeRight";
				LD_RUNPATH_SEARCH_PATHS = (
					"$(inherited)",
					"@executable_path/Frameworks",
				);
				MARKETING_VERSION = 1.0;
				PRODUCT_BUNDLE_IDENTIFIER = "Test.Counter-Second";
				PRODUCT_NAME = "$(TARGET_NAME)";
				SWIFT_EMIT_LOC_STRINGS = YES;
				SWIFT_VERSION = 5.0;
				TARGETED_DEVICE_FAMILY = "1,2";
			};
			name = Release;
		};
		6AE8B3052B67DF79008B4389 /* Debug */ = {
			isa = XCBuildConfiguration;
			buildSettings = {
				ALWAYS_EMBED_SWIFT_STANDARD_LIBRARIES = YES;
				BUNDLE_LOADER = "$(TEST_HOST)";
				CODE_SIGN_STYLE = Automatic;
				CURRENT_PROJECT_VERSION = 1;
				DEVELOPMENT_TEAM = 8H8X4VLZ98;
				GENERATE_INFOPLIST_FILE = YES;
				IPHONEOS_DEPLOYMENT_TARGET = 17.2;
				MARKETING_VERSION = 1.0;
				PRODUCT_BUNDLE_IDENTIFIER = "Test.Counter-SecondTests";
				PRODUCT_NAME = "$(TARGET_NAME)";
				SWIFT_EMIT_LOC_STRINGS = NO;
				SWIFT_VERSION = 5.0;
				TARGETED_DEVICE_FAMILY = "1,2";
				TEST_HOST = "$(BUILT_PRODUCTS_DIR)/Counter Second.app/$(BUNDLE_EXECUTABLE_FOLDER_PATH)/Counter Second";
			};
			name = Debug;
		};
		6AE8B3062B67DF79008B4389 /* Release */ = {
			isa = XCBuildConfiguration;
			buildSettings = {
				ALWAYS_EMBED_SWIFT_STANDARD_LIBRARIES = YES;
				BUNDLE_LOADER = "$(TEST_HOST)";
				CODE_SIGN_STYLE = Automatic;
				CURRENT_PROJECT_VERSION = 1;
				DEVELOPMENT_TEAM = 8H8X4VLZ98;
				GENERATE_INFOPLIST_FILE = YES;
				IPHONEOS_DEPLOYMENT_TARGET = 17.2;
				MARKETING_VERSION = 1.0;
				PRODUCT_BUNDLE_IDENTIFIER = "Test.Counter-SecondTests";
				PRODUCT_NAME = "$(TARGET_NAME)";
				SWIFT_EMIT_LOC_STRINGS = NO;
				SWIFT_VERSION = 5.0;
				TARGETED_DEVICE_FAMILY = "1,2";
				TEST_HOST = "$(BUILT_PRODUCTS_DIR)/Counter Second.app/$(BUNDLE_EXECUTABLE_FOLDER_PATH)/Counter Second";
			};
			name = Release;
		};
		6AE8B3082B67DF79008B4389 /* Debug */ = {
			isa = XCBuildConfiguration;
			buildSettings = {
				ALWAYS_EMBED_SWIFT_STANDARD_LIBRARIES = YES;
				CODE_SIGN_STYLE = Automatic;
				CURRENT_PROJECT_VERSION = 1;
				DEVELOPMENT_TEAM = 8H8X4VLZ98;
				GENERATE_INFOPLIST_FILE = YES;
				MARKETING_VERSION = 1.0;
				PRODUCT_BUNDLE_IDENTIFIER = "Test.Counter-SecondUITests";
				PRODUCT_NAME = "$(TARGET_NAME)";
				SWIFT_EMIT_LOC_STRINGS = NO;
				SWIFT_VERSION = 5.0;
				TARGETED_DEVICE_FAMILY = "1,2";
				TEST_TARGET_NAME = "Counter Second";
			};
			name = Debug;
		};
		6AE8B3092B67DF79008B4389 /* Release */ = {
			isa = XCBuildConfiguration;
			buildSettings = {
				ALWAYS_EMBED_SWIFT_STANDARD_LIBRARIES = YES;
				CODE_SIGN_STYLE = Automatic;
				CURRENT_PROJECT_VERSION = 1;
				DEVELOPMENT_TEAM = 8H8X4VLZ98;
				GENERATE_INFOPLIST_FILE = YES;
				MARKETING_VERSION = 1.0;
				PRODUCT_BUNDLE_IDENTIFIER = "Test.Counter-SecondUITests";
				PRODUCT_NAME = "$(TARGET_NAME)";
				SWIFT_EMIT_LOC_STRINGS = NO;
				SWIFT_VERSION = 5.0;
				TARGETED_DEVICE_FAMILY = "1,2";
				TEST_TARGET_NAME = "Counter Second";
			};
			name = Release;
		};
/* End XCBuildConfiguration section */

/* Begin XCConfigurationList section */
		6AE8B2D22B67DF76008B4389 /* Build configuration list for PBXProject "Counter Second" */ = {
			isa = XCConfigurationList;
			buildConfigurations = (
				6AE8B2FF2B67DF79008B4389 /* Debug */,
				6AE8B3002B67DF79008B4389 /* Release */,
			);
			defaultConfigurationIsVisible = 0;
			defaultConfigurationName = Release;
		};
		6AE8B3012B67DF79008B4389 /* Build configuration list for PBXNativeTarget "Counter Second" */ = {
			isa = XCConfigurationList;
			buildConfigurations = (
				6AE8B3022B67DF79008B4389 /* Debug */,
				6AE8B3032B67DF79008B4389 /* Release */,
			);
			defaultConfigurationIsVisible = 0;
			defaultConfigurationName = Release;
		};
		6AE8B3042B67DF79008B4389 /* Build configuration list for PBXNativeTarget "Counter SecondTests" */ = {
			isa = XCConfigurationList;
			buildConfigurations = (
				6AE8B3052B67DF79008B4389 /* Debug */,
				6AE8B3062B67DF79008B4389 /* Release */,
			);
			defaultConfigurationIsVisible = 0;
			defaultConfigurationName = Release;
		};
		6AE8B3072B67DF79008B4389 /* Build configuration list for PBXNativeTarget "Counter SecondUITests" */ = {
			isa = XCConfigurationList;
			buildConfigurations = (
				6AE8B3082B67DF79008B4389 /* Debug */,
				6AE8B3092B67DF79008B4389 /* Release */,
			);
			defaultConfigurationIsVisible = 0;
			defaultConfigurationName = Release;
		};
/* End XCConfigurationList section */
	};
	rootObject = 6AE8B2CF2B67DF76008B4389 /* Project object */;
}
